
Microsoft Visual Studio Solution File, Format Version 12.00
# Visual Studio Version 17
VisualStudioVersion = 17.2.32630.192
MinimumVisualStudioVersion = 10.0.40219.1
Project("{E53339B2-1760-4266-BCC7-CA923CBCF16C}") = "docker-compose", "docker-compose.dcproj", "{9EC62D8C-D856-4F90-8500-D4E1D332A70F}"
EndProject
Project("{2150E333-8FDC-42A3-9474-1A3956D46DE8}") = "Services", "Services", "{BAC3EA8F-E600-43D2-ABCA-5B405E8383FF}"
EndProject
Project("{2150E333-8FDC-42A3-9474-1A3956D46DE8}") = "Catalog", "Catalog", "{E396C568-6DA5-42E3-ABDA-429AF8C66E0C}"
EndProject
Project("{2150E333-8FDC-42A3-9474-1A3956D46DE8}") = "Ordering", "Ordering", "{B721F451-39CE-463F-8097-E1A874BB194C}"
EndProject
Project("{9A19103F-16F7-4668-BE54-9A1E7A4F7556}") = "Catalog.API", "Services\Catalog\Catalog.API\Catalog.API.csproj", "{2D33ACDB-402D-4D50-AD92-DC270153352C}"
EndProject
Project("{9A19103F-16F7-4668-BE54-9A1E7A4F7556}") = "Ordering.API", "Services\Ordering\Ordering.API\Ordering.API.csproj", "{3DB781F3-EE28-4BA3-BA8A-231B82C0CE80}"
EndProject
Project("{9A19103F-16F7-4668-BE54-9A1E7A4F7556}") = "Ordering.Application", "Services\Ordering\Ordering.Application\Ordering.Application.csproj", "{19E38AC2-84EB-4218-B8E7-23B236DC5D5B}"
EndProject
Project("{9A19103F-16F7-4668-BE54-9A1E7A4F7556}") = "Ordering.Domain", "Services\Ordering\Ordering.Domain\Ordering.Domain.csproj", "{F9E9B7FB-F4C2-4415-90BA-3E4EBFCE4794}"
EndProject
Project("{9A19103F-16F7-4668-BE54-9A1E7A4F7556}") = "Ordering.Infrastructure", "Services\Ordering\Ordering.Infrastructure\Ordering.Infrastructure.csproj", "{82BA61C0-22E1-4CC4-B59F-67258421C8AB}"
EndProject
Global
	GlobalSection(SolutionConfigurationPlatforms) = preSolution
		Debug|Any CPU = Debug|Any CPU
		Release|Any CPU = Release|Any CPU
	EndGlobalSection
	GlobalSection(ProjectConfigurationPlatforms) = postSolution
		{9EC62D8C-D856-4F90-8500-D4E1D332A70F}.Debug|Any CPU.ActiveCfg = Debug|Any CPU
		{9EC62D8C-D856-4F90-8500-D4E1D332A70F}.Debug|Any CPU.Build.0 = Debug|Any CPU
		{9EC62D8C-D856-4F90-8500-D4E1D332A70F}.Release|Any CPU.ActiveCfg = Release|Any CPU
		{9EC62D8C-D856-4F90-8500-D4E1D332A70F}.Release|Any CPU.Build.0 = Release|Any CPU
		{2D33ACDB-402D-4D50-AD92-DC270153352C}.Debug|Any CPU.ActiveCfg = Debug|Any CPU
		{2D33ACDB-402D-4D50-AD92-DC270153352C}.Debug|Any CPU.Build.0 = Debug|Any CPU
		{2D33ACDB-402D-4D50-AD92-DC270153352C}.Release|Any CPU.ActiveCfg = Release|Any CPU
		{2D33ACDB-402D-4D50-AD92-DC270153352C}.Release|Any CPU.Build.0 = Release|Any CPU
		{3DB781F3-EE28-4BA3-BA8A-231B82C0CE80}.Debug|Any CPU.ActiveCfg = Debug|Any CPU
		{3DB781F3-EE28-4BA3-BA8A-231B82C0CE80}.Debug|Any CPU.Build.0 = Debug|Any CPU
		{3DB781F3-EE28-4BA3-BA8A-231B82C0CE80}.Release|Any CPU.ActiveCfg = Release|Any CPU
		{3DB781F3-EE28-4BA3-BA8A-231B82C0CE80}.Release|Any CPU.Build.0 = Release|Any CPU
		{19E38AC2-84EB-4218-B8E7-23B236DC5D5B}.Debug|Any CPU.ActiveCfg = Debug|Any CPU
		{19E38AC2-84EB-4218-B8E7-23B236DC5D5B}.Debug|Any CPU.Build.0 = Debug|Any CPU
		{19E38AC2-84EB-4218-B8E7-23B236DC5D5B}.Release|Any CPU.ActiveCfg = Release|Any CPU
		{19E38AC2-84EB-4218-B8E7-23B236DC5D5B}.Release|Any CPU.Build.0 = Release|Any CPU
		{F9E9B7FB-F4C2-4415-90BA-3E4EBFCE4794}.Debug|Any CPU.ActiveCfg = Debug|Any CPU
		{F9E9B7FB-F4C2-4415-90BA-3E4EBFCE4794}.Debug|Any CPU.Build.0 = Debug|Any CPU
		{F9E9B7FB-F4C2-4415-90BA-3E4EBFCE4794}.Release|Any CPU.ActiveCfg = Release|Any CPU
		{F9E9B7FB-F4C2-4415-90BA-3E4EBFCE4794}.Release|Any CPU.Build.0 = Release|Any CPU
		{82BA61C0-22E1-4CC4-B59F-67258421C8AB}.Debug|Any CPU.ActiveCfg = Debug|Any CPU
		{82BA61C0-22E1-4CC4-B59F-67258421C8AB}.Debug|Any CPU.Build.0 = Debug|Any CPU
		{82BA61C0-22E1-4CC4-B59F-67258421C8AB}.Release|Any CPU.ActiveCfg = Release|Any CPU
		{82BA61C0-22E1-4CC4-B59F-67258421C8AB}.Release|Any CPU.Build.0 = Release|Any CPU
	EndGlobalSection
	GlobalSection(SolutionProperties) = preSolution
		HideSolutionNode = FALSE
	EndGlobalSection
	GlobalSection(NestedProjects) = preSolution
		{E396C568-6DA5-42E3-ABDA-429AF8C66E0C} = {BAC3EA8F-E600-43D2-ABCA-5B405E8383FF}
		{B721F451-39CE-463F-8097-E1A874BB194C} = {BAC3EA8F-E600-43D2-ABCA-5B405E8383FF}
		{2D33ACDB-402D-4D50-AD92-DC270153352C} = {E396C568-6DA5-42E3-ABDA-429AF8C66E0C}
		{3DB781F3-EE28-4BA3-BA8A-231B82C0CE80} = {B721F451-39CE-463F-8097-E1A874BB194C}
		{19E38AC2-84EB-4218-B8E7-23B236DC5D5B} = {B721F451-39CE-463F-8097-E1A874BB194C}
		{F9E9B7FB-F4C2-4415-90BA-3E4EBFCE4794} = {B721F451-39CE-463F-8097-E1A874BB194C}
		{82BA61C0-22E1-4CC4-B59F-67258421C8AB} = {B721F451-39CE-463F-8097-E1A874BB194C}
	EndGlobalSection
	GlobalSection(ExtensibilityGlobals) = postSolution
		SolutionGuid = {18656301-F3D2-4963-8974-6ECA3E8B7C8F}
	EndGlobalSection
EndGlobal
