
Microsoft Visual Studio Solution File, Format Version 12.00
# Visual Studio Version 17
VisualStudioVersion = 17.2.32630.192
MinimumVisualStudioVersion = 10.0.40219.1
Project("{9A19103F-16F7-4668-BE54-9A1E7A4F7556}") = "Catalog.API", "Catalog.API\Catalog.API.csproj", "{BE3FA651-E1F2-47AF-839C-BDAA5C37C750}"
EndProject
Project("{E53339B2-1760-4266-BCC7-CA923CBCF16C}") = "docker-compose", "docker-compose.dcproj", "{9EC62D8C-D856-4F90-8500-D4E1D332A70F}"
EndProject
Project("{2150E333-8FDC-42A3-9474-1A3956D46DE8}") = "Services", "Services", "{9EA81AC7-8449-4A2A-B80B-B9F56E90D5E3}"
EndProject
Project("{2150E333-8FDC-42A3-9474-1A3956D46DE8}") = "Catalog", "Catalog", "{EC261D6A-D9C9-4EEE-BEC1-7001DB2BBCDD}"
EndProject
Project("{2150E333-8FDC-42A3-9474-1A3956D46DE8}") = "Ordering", "Ordering", "{1C82EBAD-A313-4F43-953F-8AB2397E0CDC}"
EndProject
Project("{FAE04EC0-301F-11D3-BF4B-00C04F79EFBC}") = "Ordering.API", "..\Ordering.API\Ordering.API.csproj", "{2CC17060-9123-452D-966C-E7A16E9A097B}"
EndProject
Project("{FAE04EC0-301F-11D3-BF4B-00C04F79EFBC}") = "Ordering.Application", "..\Ordering.Application\Ordering.Application.csproj", "{37DD740A-5903-4984-A12F-78008FA2B1EE}"
EndProject
Project("{FAE04EC0-301F-11D3-BF4B-00C04F79EFBC}") = "Ordering.Domain", "..\Ordering.Domain\Ordering.Domain.csproj", "{97E962EE-283F-4F89-8FCF-9BDD436F20E4}"
EndProject
Project("{FAE04EC0-301F-11D3-BF4B-00C04F79EFBC}") = "Ordering.Infrastructure", "..\Ordering.Infrastructure\Ordering.Infrastructure.csproj", "{18C881F9-C553-4E49-8120-7AA75C4C8931}"
EndProject
Global
	GlobalSection(SolutionConfigurationPlatforms) = preSolution
		Debug|Any CPU = Debug|Any CPU
		Release|Any CPU = Release|Any CPU
	EndGlobalSection
	GlobalSection(ProjectConfigurationPlatforms) = postSolution
		{BE3FA651-E1F2-47AF-839C-BDAA5C37C750}.Debug|Any CPU.ActiveCfg = Debug|Any CPU
		{BE3FA651-E1F2-47AF-839C-BDAA5C37C750}.Debug|Any CPU.Build.0 = Debug|Any CPU
		{BE3FA651-E1F2-47AF-839C-BDAA5C37C750}.Release|Any CPU.ActiveCfg = Release|Any CPU
		{BE3FA651-E1F2-47AF-839C-BDAA5C37C750}.Release|Any CPU.Build.0 = Release|Any CPU
		{9EC62D8C-D856-4F90-8500-D4E1D332A70F}.Debug|Any CPU.ActiveCfg = Debug|Any CPU
		{9EC62D8C-D856-4F90-8500-D4E1D332A70F}.Debug|Any CPU.Build.0 = Debug|Any CPU
		{9EC62D8C-D856-4F90-8500-D4E1D332A70F}.Release|Any CPU.ActiveCfg = Release|Any CPU
		{9EC62D8C-D856-4F90-8500-D4E1D332A70F}.Release|Any CPU.Build.0 = Release|Any CPU
		{2CC17060-9123-452D-966C-E7A16E9A097B}.Debug|Any CPU.ActiveCfg = Debug|Any CPU
		{2CC17060-9123-452D-966C-E7A16E9A097B}.Debug|Any CPU.Build.0 = Debug|Any CPU
		{2CC17060-9123-452D-966C-E7A16E9A097B}.Release|Any CPU.ActiveCfg = Release|Any CPU
		{2CC17060-9123-452D-966C-E7A16E9A097B}.Release|Any CPU.Build.0 = Release|Any CPU
		{37DD740A-5903-4984-A12F-78008FA2B1EE}.Debug|Any CPU.ActiveCfg = Debug|Any CPU
		{37DD740A-5903-4984-A12F-78008FA2B1EE}.Debug|Any CPU.Build.0 = Debug|Any CPU
		{37DD740A-5903-4984-A12F-78008FA2B1EE}.Release|Any CPU.ActiveCfg = Release|Any CPU
		{37DD740A-5903-4984-A12F-78008FA2B1EE}.Release|Any CPU.Build.0 = Release|Any CPU
		{97E962EE-283F-4F89-8FCF-9BDD436F20E4}.Debug|Any CPU.ActiveCfg = Debug|Any CPU
		{97E962EE-283F-4F89-8FCF-9BDD436F20E4}.Debug|Any CPU.Build.0 = Debug|Any CPU
		{97E962EE-283F-4F89-8FCF-9BDD436F20E4}.Release|Any CPU.ActiveCfg = Release|Any CPU
		{97E962EE-283F-4F89-8FCF-9BDD436F20E4}.Release|Any CPU.Build.0 = Release|Any CPU
		{18C881F9-C553-4E49-8120-7AA75C4C8931}.Debug|Any CPU.ActiveCfg = Debug|Any CPU
		{18C881F9-C553-4E49-8120-7AA75C4C8931}.Debug|Any CPU.Build.0 = Debug|Any CPU
		{18C881F9-C553-4E49-8120-7AA75C4C8931}.Release|Any CPU.ActiveCfg = Release|Any CPU
		{18C881F9-C553-4E49-8120-7AA75C4C8931}.Release|Any CPU.Build.0 = Release|Any CPU
	EndGlobalSection
	GlobalSection(SolutionProperties) = preSolution
		HideSolutionNode = FALSE
	EndGlobalSection
	GlobalSection(NestedProjects) = preSolution
		{BE3FA651-E1F2-47AF-839C-BDAA5C37C750} = {EC261D6A-D9C9-4EEE-BEC1-7001DB2BBCDD}
		{EC261D6A-D9C9-4EEE-BEC1-7001DB2BBCDD} = {9EA81AC7-8449-4A2A-B80B-B9F56E90D5E3}
		{1C82EBAD-A313-4F43-953F-8AB2397E0CDC} = {9EA81AC7-8449-4A2A-B80B-B9F56E90D5E3}
		{2CC17060-9123-452D-966C-E7A16E9A097B} = {1C82EBAD-A313-4F43-953F-8AB2397E0CDC}
		{37DD740A-5903-4984-A12F-78008FA2B1EE} = {1C82EBAD-A313-4F43-953F-8AB2397E0CDC}
		{97E962EE-283F-4F89-8FCF-9BDD436F20E4} = {1C82EBAD-A313-4F43-953F-8AB2397E0CDC}
		{18C881F9-C553-4E49-8120-7AA75C4C8931} = {1C82EBAD-A313-4F43-953F-8AB2397E0CDC}
	EndGlobalSection
	GlobalSection(ExtensibilityGlobals) = postSolution
		SolutionGuid = {18656301-F3D2-4963-8974-6ECA3E8B7C8F}
	EndGlobalSection
EndGlobal
